
Microsoft Visual Studio Solution File, Format Version 12.00
# Visual Studio Version 17
VisualStudioVersion = 17.14.37111.16
MinimumVisualStudioVersion = 10.0.40219.1
Project("{FAE04EC0-301F-11D3-BF4B-00C04F79EFBC}") = "WebAPI", "WebAPI\WebAPI.csproj", "{6A717EAE-27B6-4933-8A7A-8938AD113114}"
EndProject
Project("{FAE04EC0-301F-11D3-BF4B-00C04F79EFBC}") = "TestforFeaturebranch", "TestforFeaturebranch\TestforFeaturebranch.csproj", "{29886115-B1E8-4B21-B6F7-AA575AEC7F3D}"
EndProject
Global
	GlobalSection(SolutionConfigurationPlatforms) = preSolution
		Debug|Any CPU = Debug|Any CPU
		Release|Any CPU = Release|Any CPU
	EndGlobalSection
	GlobalSection(ProjectConfigurationPlatforms) = postSolution
		{6A717EAE-27B6-4933-8A7A-8938AD113114}.Debug|Any CPU.ActiveCfg = Debug|Any CPU
		{6A717EAE-27B6-4933-8A7A-8938AD113114}.Debug|Any CPU.Build.0 = Debug|Any CPU
		{6A717EAE-27B6-4933-8A7A-8938AD113114}.Release|Any CPU.ActiveCfg = Release|Any CPU
		{6A717EAE-27B6-4933-8A7A-8938AD113114}.Release|Any CPU.Build.0 = Release|Any CPU
		{29886115-B1E8-4B21-B6F7-AA575AEC7F3D}.Debug|Any CPU.ActiveCfg = Debug|Any CPU
		{29886115-B1E8-4B21-B6F7-AA575AEC7F3D}.Debug|Any CPU.Build.0 = Debug|Any CPU
		{29886115-B1E8-4B21-B6F7-AA575AEC7F3D}.Release|Any CPU.ActiveCfg = Release|Any CPU
		{29886115-B1E8-4B21-B6F7-AA575AEC7F3D}.Release|Any CPU.Build.0 = Release|Any CPU
	EndGlobalSection
	GlobalSection(SolutionProperties) = preSolution
		HideSolutionNode = FALSE
	EndGlobalSection
	GlobalSection(ExtensibilityGlobals) = postSolution
		SolutionGuid = {6C61383B-C8E7-4BD9-BBAA-1EE500E4282D}
	EndGlobalSection
EndGlobal
